// !$*UTF8*$!
{
	archiveVersion = 1;
	classes = {
	};
	objectVersion = 46;
	objects = {

/* Begin PBXBuildFile section */
		551F42851577F92600014BF1 /* FCYThumbView.h in Headers */ = {isa = PBXBuildFile; fileRef = 551F42831577F92600014BF1 /* FCYThumbView.h */; };
		551F42861577F92600014BF1 /* FCYThumbView.m in Sources */ = {isa = PBXBuildFile; fileRef = 551F42841577F92600014BF1 /* FCYThumbView.m */; };
		55A825AD1576A5230011226E /* UIKit.framework in Frameworks */ = {isa = PBXBuildFile; fileRef = 55A825AC1576A5230011226E /* UIKit.framework */; };
		55A825AF1576A5230011226E /* Foundation.framework in Frameworks */ = {isa = PBXBuildFile; fileRef = 55A825AE1576A5230011226E /* Foundation.framework */; };
		55A825B11576A5230011226E /* CoreGraphics.framework in Frameworks */ = {isa = PBXBuildFile; fileRef = 55A825B01576A5230011226E /* CoreGraphics.framework */; };
		55A825D71576A5FC0011226E /* AppDelegate.m in Sources */ = {isa = PBXBuildFile; fileRef = 55A825D01576A5FC0011226E /* AppDelegate.m */; };
		55A825D81576A5FC0011226E /* RangeSlider.xib in Resources */ = {isa = PBXBuildFile; fileRef = 55A825D11576A5FC0011226E /* RangeSlider.xib */; };
		55A825D91576A5FC0011226E /* RangeSliderController.m in Sources */ = {isa = PBXBuildFile; fileRef = 55A825D31576A5FC0011226E /* RangeSliderController.m */; };
		55A825DA1576A5FC0011226E /* main.m in Sources */ = {isa = PBXBuildFile; fileRef = 55A825D41576A5FC0011226E /* main.m */; };
		55A825EB1576AD560011226E /* AppDelegate.h in Headers */ = {isa = PBXBuildFile; fileRef = 55A825CF1576A5FC0011226E /* AppDelegate.h */; };
		55A825EC1576AD580011226E /* RangeSliderController.h in Headers */ = {isa = PBXBuildFile; fileRef = 55A825D21576A5FC0011226E /* RangeSliderController.h */; };
		55A826341576B3270011226E /* RangeSliderExample-Prefix.pch in Headers */ = {isa = PBXBuildFile; fileRef = 55A826331576B3270011226E /* RangeSliderExample-Prefix.pch */; };
		55A826D11576C40B0011226E /* FCYDevice.h in Headers */ = {isa = PBXBuildFile; fileRef = 55A826CE1576C40B0011226E /* FCYDevice.h */; };
		55A826D21576C40B0011226E /* FCYDevice.m in Sources */ = {isa = PBXBuildFile; fileRef = 55A826CF1576C40B0011226E /* FCYDevice.m */; settings = {COMPILER_FLAGS = "-fno-objc-arc"; }; };
		55A826D81576C4170011226E /* FCYRangeSlider.h in Headers */ = {isa = PBXBuildFile; fileRef = 55A826D61576C4170011226E /* FCYRangeSlider.h */; };
		55A826D91576C4170011226E /* FCYRangeSlider.m in Sources */ = {isa = PBXBuildFile; fileRef = 55A826D71576C4170011226E /* FCYRangeSlider.m */; settings = {COMPILER_FLAGS = "-fno-objc-arc"; }; };
		B3D0448882A260180308332D /* FCYGeometry.m in Sources */ = {isa = PBXBuildFile; fileRef = B3D0435DF09594E541A7A880 /* FCYGeometry.m */; };
		B3D04D6B0C52EBEE9C63A028 /* FCYGeometry.h in Headers */ = {isa = PBXBuildFile; fileRef = B3D044B5187A76DFFC087144 /* FCYGeometry.h */; };
/* End PBXBuildFile section */

/* Begin PBXFileReference section */
		551F42831577F92600014BF1 /* FCYThumbView.h */ = {isa = PBXFileReference; fileEncoding = 4; lastKnownFileType = sourcecode.c.h; path = FCYThumbView.h; sourceTree = "<group>"; };
		551F42841577F92600014BF1 /* FCYThumbView.m */ = {isa = PBXFileReference; fileEncoding = 4; lastKnownFileType = sourcecode.c.objc; path = FCYThumbView.m; sourceTree = "<group>"; };
		55A825A81576A5230011226E /* RangeSliderExample.app */ = {isa = PBXFileReference; explicitFileType = wrapper.application; includeInIndex = 0; path = RangeSliderExample.app; sourceTree = BUILT_PRODUCTS_DIR; };
		55A825AC1576A5230011226E /* UIKit.framework */ = {isa = PBXFileReference; lastKnownFileType = wrapper.framework; name = UIKit.framework; path = System/Library/Frameworks/UIKit.framework; sourceTree = SDKROOT; };
		55A825AE1576A5230011226E /* Foundation.framework */ = {isa = PBXFileReference; lastKnownFileType = wrapper.framework; name = Foundation.framework; path = System/Library/Frameworks/Foundation.framework; sourceTree = SDKROOT; };
		55A825B01576A5230011226E /* CoreGraphics.framework */ = {isa = PBXFileReference; lastKnownFileType = wrapper.framework; name = CoreGraphics.framework; path = System/Library/Frameworks/CoreGraphics.framework; sourceTree = SDKROOT; };
		55A825CF1576A5FC0011226E /* AppDelegate.h */ = {isa = PBXFileReference; fileEncoding = 4; lastKnownFileType = sourcecode.c.h; path = AppDelegate.h; sourceTree = "<group>"; };
		55A825D01576A5FC0011226E /* AppDelegate.m */ = {isa = PBXFileReference; fileEncoding = 4; lastKnownFileType = sourcecode.c.objc; path = AppDelegate.m; sourceTree = "<group>"; };
		55A825D11576A5FC0011226E /* RangeSlider.xib */ = {isa = PBXFileReference; fileEncoding = 4; lastKnownFileType = file.xib; path = RangeSlider.xib; sourceTree = "<group>"; };
		55A825D21576A5FC0011226E /* RangeSliderController.h */ = {isa = PBXFileReference; fileEncoding = 4; lastKnownFileType = sourcecode.c.h; path = RangeSliderController.h; sourceTree = "<group>"; };
		55A825D31576A5FC0011226E /* RangeSliderController.m */ = {isa = PBXFileReference; fileEncoding = 4; lastKnownFileType = sourcecode.c.objc; path = RangeSliderController.m; sourceTree = "<group>"; };
		55A825D41576A5FC0011226E /* main.m */ = {isa = PBXFileReference; fileEncoding = 4; lastKnownFileType = sourcecode.c.objc; path = main.m; sourceTree = "<group>"; };
		55A825D51576A5FC0011226E /* RangeSliderExample-Info.plist */ = {isa = PBXFileReference; fileEncoding = 4; lastKnownFileType = text.plist.xml; path = "RangeSliderExample-Info.plist"; sourceTree = "<group>"; };
		55A826331576B3270011226E /* RangeSliderExample-Prefix.pch */ = {isa = PBXFileReference; fileEncoding = 4; lastKnownFileType = sourcecode.c.h; path = "RangeSliderExample-Prefix.pch"; sourceTree = "<group>"; };
		55A826CE1576C40B0011226E /* FCYDevice.h */ = {isa = PBXFileReference; fileEncoding = 4; lastKnownFileType = sourcecode.c.h; path = FCYDevice.h; sourceTree = "<group>"; };
		55A826CF1576C40B0011226E /* FCYDevice.m */ = {isa = PBXFileReference; fileEncoding = 4; lastKnownFileType = sourcecode.c.objc; path = FCYDevice.m; sourceTree = "<group>"; };
		55A826D61576C4170011226E /* FCYRangeSlider.h */ = {isa = PBXFileReference; fileEncoding = 4; lastKnownFileType = sourcecode.c.h; path = FCYRangeSlider.h; sourceTree = "<group>"; };
		55A826D71576C4170011226E /* FCYRangeSlider.m */ = {isa = PBXFileReference; fileEncoding = 4; lastKnownFileType = sourcecode.c.objc; path = FCYRangeSlider.m; sourceTree = "<group>"; };
		B3D0435DF09594E541A7A880 /* FCYGeometry.m */ = {isa = PBXFileReference; fileEncoding = 4; lastKnownFileType = sourcecode.c.objc; name = FCYGeometry.m; path = ../ui/FCYGeometry.m; sourceTree = "<group>"; };
		B3D044B5187A76DFFC087144 /* FCYGeometry.h */ = {isa = PBXFileReference; fileEncoding = 4; lastKnownFileType = sourcecode.c.h; name = FCYGeometry.h; path = ../ui/FCYGeometry.h; sourceTree = "<group>"; };
/* End PBXFileReference section */

/* Begin PBXFrameworksBuildPhase section */
		55A825A51576A5230011226E /* Frameworks */ = {
			isa = PBXFrameworksBuildPhase;
			buildActionMask = 2147483647;
			files = (
				55A825AD1576A5230011226E /* UIKit.framework in Frameworks */,
				55A825AF1576A5230011226E /* Foundation.framework in Frameworks */,
				55A825B11576A5230011226E /* CoreGraphics.framework in Frameworks */,
			);
			runOnlyForDeploymentPostprocessing = 0;
		};
/* End PBXFrameworksBuildPhase section */

/* Begin PBXGroup section */
		55A8259D1576A5230011226E = {
			isa = PBXGroup;
			children = (
				55A826CB1576C3E80011226E /* fancy-ios */,
				55A825CF1576A5FC0011226E /* AppDelegate.h */,
				55A825D01576A5FC0011226E /* AppDelegate.m */,
				55A825D11576A5FC0011226E /* RangeSlider.xib */,
				55A825D21576A5FC0011226E /* RangeSliderController.h */,
				55A825D31576A5FC0011226E /* RangeSliderController.m */,
				55A825D41576A5FC0011226E /* main.m */,
				55A825D51576A5FC0011226E /* RangeSliderExample-Info.plist */,
				55A826331576B3270011226E /* RangeSliderExample-Prefix.pch */,
				55A825AB1576A5230011226E /* Frameworks */,
				55A825A91576A5230011226E /* Products */,
			);
			sourceTree = "<group>";
		};
		55A825A91576A5230011226E /* Products */ = {
			isa = PBXGroup;
			children = (
				55A825A81576A5230011226E /* RangeSliderExample.app */,
			);
			name = Products;
			sourceTree = "<group>";
		};
		55A825AB1576A5230011226E /* Frameworks */ = {
			isa = PBXGroup;
			children = (
				55A825AC1576A5230011226E /* UIKit.framework */,
				55A825AE1576A5230011226E /* Foundation.framework */,
				55A825B01576A5230011226E /* CoreGraphics.framework */,
			);
			name = Frameworks;
			sourceTree = "<group>";
		};
		55A826CB1576C3E80011226E /* fancy-ios */ = {
			isa = PBXGroup;
			children = (
				55A826D41576C4170011226E /* ui */,
				55A826CD1576C40B0011226E /* core */,
			);
			name = "fancy-ios";
			sourceTree = "<group>";
		};
		55A826CD1576C40B0011226E /* core */ = {
			isa = PBXGroup;
			children = (
				55A826CE1576C40B0011226E /* FCYDevice.h */,
				55A826CF1576C40B0011226E /* FCYDevice.m */,
				B3D044B5187A76DFFC087144 /* FCYGeometry.h */,
				B3D0435DF09594E541A7A880 /* FCYGeometry.m */,
			);
			name = core;
			path = ../../src/core;
			sourceTree = "<group>";
		};
		55A826D41576C4170011226E /* ui */ = {
			isa = PBXGroup;
			children = (
				55A826D51576C4170011226E /* range-slider */,
			);
			name = ui;
			path = ../../src/ui;
			sourceTree = "<group>";
		};
		55A826D51576C4170011226E /* range-slider */ = {
			isa = PBXGroup;
			children = (
				551F42831577F92600014BF1 /* FCYThumbView.h */,
				551F42841577F92600014BF1 /* FCYThumbView.m */,
				55A826D61576C4170011226E /* FCYRangeSlider.h */,
				55A826D71576C4170011226E /* FCYRangeSlider.m */,
			);
			path = "range-slider";
			sourceTree = "<group>";
		};
/* End PBXGroup section */

/* Begin PBXHeadersBuildPhase section */
		55A825EA1576AD4F0011226E /* Headers */ = {
			isa = PBXHeadersBuildPhase;
			buildActionMask = 2147483647;
			files = (
				55A825EB1576AD560011226E /* AppDelegate.h in Headers */,
				55A825EC1576AD580011226E /* RangeSliderController.h in Headers */,
				55A826341576B3270011226E /* RangeSliderExample-Prefix.pch in Headers */,
				55A826D11576C40B0011226E /* FCYDevice.h in Headers */,
				55A826D81576C4170011226E /* FCYRangeSlider.h in Headers */,
				551F42851577F92600014BF1 /* FCYThumbView.h in Headers */,
				B3D04D6B0C52EBEE9C63A028 /* FCYGeometry.h in Headers */,
			);
			runOnlyForDeploymentPostprocessing = 0;
		};
/* End PBXHeadersBuildPhase section */

/* Begin PBXNativeTarget section */
		55A825A71576A5230011226E /* RangeSliderExample */ = {
			isa = PBXNativeTarget;
			buildConfigurationList = 55A825C61576A5230011226E /* Build configuration list for PBXNativeTarget "RangeSliderExample" */;
			buildPhases = (
				55A825EA1576AD4F0011226E /* Headers */,
				55A825A41576A5230011226E /* Sources */,
				55A825A51576A5230011226E /* Frameworks */,
				55A825A61576A5230011226E /* Resources */,
			);
			buildRules = (
			);
			dependencies = (
			);
			name = RangeSliderExample;
			productName = RangeSliderExample;
			productReference = 55A825A81576A5230011226E /* RangeSliderExample.app */;
			productType = "com.apple.product-type.application";
		};
/* End PBXNativeTarget section */

/* Begin PBXProject section */
		55A8259F1576A5230011226E /* Project object */ = {
			isa = PBXProject;
			attributes = {
				LastUpgradeCheck = 0430;
			};
			buildConfigurationList = 55A825A21576A5230011226E /* Build configuration list for PBXProject "RangeSliderExample" */;
			compatibilityVersion = "Xcode 3.2";
			developmentRegion = English;
			hasScannedForEncodings = 0;
			knownRegions = (
				en,
			);
			mainGroup = 55A8259D1576A5230011226E;
			productRefGroup = 55A825A91576A5230011226E /* Products */;
			projectDirPath = "";
			projectRoot = "";
			targets = (
				55A825A71576A5230011226E /* RangeSliderExample */,
			);
		};
/* End PBXProject section */

/* Begin PBXResourcesBuildPhase section */
		55A825A61576A5230011226E /* Resources */ = {
			isa = PBXResourcesBuildPhase;
			buildActionMask = 2147483647;
			files = (
				55A825D81576A5FC0011226E /* RangeSlider.xib in Resources */,
			);
			runOnlyForDeploymentPostprocessing = 0;
		};
/* End PBXResourcesBuildPhase section */

/* Begin PBXSourcesBuildPhase section */
		55A825A41576A5230011226E /* Sources */ = {
			isa = PBXSourcesBuildPhase;
			buildActionMask = 2147483647;
			files = (
				55A825D71576A5FC0011226E /* AppDelegate.m in Sources */,
				55A825D91576A5FC0011226E /* RangeSliderController.m in Sources */,
				55A825DA1576A5FC0011226E /* main.m in Sources */,
				55A826D21576C40B0011226E /* FCYDevice.m in Sources */,
				55A826D91576C4170011226E /* FCYRangeSlider.m in Sources */,
				551F42861577F92600014BF1 /* FCYThumbView.m in Sources */,
				B3D0448882A260180308332D /* FCYGeometry.m in Sources */,
			);
			runOnlyForDeploymentPostprocessing = 0;
		};
/* End PBXSourcesBuildPhase section */

/* Begin XCBuildConfiguration section */
		55A825C41576A5230011226E /* Debug */ = {
			isa = XCBuildConfiguration;
			buildSettings = {
				ALWAYS_SEARCH_USER_PATHS = NO;
				ARCHS = "$(ARCHS_STANDARD_32_BIT)";
				"CODE_SIGN_IDENTITY[sdk=iphoneos*]" = "iPhone Developer";
				COPY_PHASE_STRIP = NO;
				GCC_C_LANGUAGE_STANDARD = gnu99;
				GCC_DYNAMIC_NO_PIC = NO;
				GCC_OPTIMIZATION_LEVEL = 0;
				GCC_PREPROCESSOR_DEFINITIONS = (
					"DEBUG=1",
					"$(inherited)",
				);
				GCC_SYMBOLS_PRIVATE_EXTERN = NO;
				GCC_VERSION = com.apple.compilers.llvm.clang.1_0;
				GCC_WARN_ABOUT_RETURN_TYPE = YES;
				GCC_WARN_UNINITIALIZED_AUTOS = YES;
				GCC_WARN_UNUSED_VARIABLE = YES;
				IPHONEOS_DEPLOYMENT_TARGET = 5.0;
				OTHER_LDFLAGS = (
					"-ObjC",
					"-all_load",
				);
				SDKROOT = iphoneos;
			};
			name = Debug;
		};
		55A825C51576A5230011226E /* Release */ = {
			isa = XCBuildConfiguration;
			buildSettings = {
				ALWAYS_SEARCH_USER_PATHS = NO;
				ARCHS = "$(ARCHS_STANDARD_32_BIT)";
				"CODE_SIGN_IDENTITY[sdk=iphoneos*]" = "iPhone Developer";
				COPY_PHASE_STRIP = YES;
				GCC_C_LANGUAGE_STANDARD = gnu99;
				GCC_VERSION = com.apple.compilers.llvm.clang.1_0;
				GCC_WARN_ABOUT_RETURN_TYPE = YES;
				GCC_WARN_UNINITIALIZED_AUTOS = YES;
				GCC_WARN_UNUSED_VARIABLE = YES;
				IPHONEOS_DEPLOYMENT_TARGET = 5.0;
				OTHER_CFLAGS = "-DNS_BLOCK_ASSERTIONS=1";
				OTHER_LDFLAGS = (
					"-ObjC",
					"-all_load",
				);
				SDKROOT = iphoneos;
				VALIDATE_PRODUCT = YES;
			};
			name = Release;
		};
		55A825C71576A5230011226E /* Debug */ = {
			isa = XCBuildConfiguration;
			buildSettings = {
				CLANG_ENABLE_OBJC_ARC = YES;
				GCC_PRECOMPILE_PREFIX_HEADER = YES;
				GCC_PREFIX_HEADER = "RangeSliderExample-Prefix.pch";
				INFOPLIST_FILE = "RangeSliderExample-Info.plist";
				LIBRARY_SEARCH_PATHS = "$(inherited)";
				PRODUCT_NAME = "$(TARGET_NAME)";
				USER_HEADER_SEARCH_PATHS = "";
				WRAPPER_EXTENSION = app;
			};
			name = Debug;
		};
		55A825C81576A5230011226E /* Release */ = {
			isa = XCBuildConfiguration;
			buildSettings = {
				CLANG_ENABLE_OBJC_ARC = YES;
				GCC_PRECOMPILE_PREFIX_HEADER = YES;
				GCC_PREFIX_HEADER = "RangeSliderExample-Prefix.pch";
				INFOPLIST_FILE = "RangeSliderExample-Info.plist";
				LIBRARY_SEARCH_PATHS = "$(inherited)";
				PRODUCT_NAME = "$(TARGET_NAME)";
				USER_HEADER_SEARCH_PATHS = "";
				WRAPPER_EXTENSION = app;
			};
			name = Release;
		};
/* End XCBuildConfiguration section */

/* Begin XCConfigurationList section */
		55A825A21576A5230011226E /* Build configuration list for PBXProject "RangeSliderExample" */ = {
			isa = XCConfigurationList;
			buildConfigurations = (
				55A825C41576A5230011226E /* Debug */,
				55A825C51576A5230011226E /* Release */,
			);
			defaultConfigurationIsVisible = 0;
			defaultConfigurationName = Release;
		};
		55A825C61576A5230011226E /* Build configuration list for PBXNativeTarget "RangeSliderExample" */ = {
			isa = XCConfigurationList;
			buildConfigurations = (
				55A825C71576A5230011226E /* Debug */,
				55A825C81576A5230011226E /* Release */,
			);
			defaultConfigurationIsVisible = 0;
			defaultConfigurationName = Release;
		};
/* End XCConfigurationList section */
	};
	rootObject = 55A8259F1576A5230011226E /* Project object */;
}
