// !$*UTF8*$!
{
	archiveVersion = 1;
	classes = {
	};
	objectVersion = 46;
	objects = {

/* Begin PBXBuildFile section */
		D490ACFC13DA7FDD00436024 /* UIKit.framework in Frameworks */ = {isa = PBXBuildFile; fileRef = D490ACFB13DA7FDD00436024 /* UIKit.framework */; };
		D490ACFE13DA7FDD00436024 /* Foundation.framework in Frameworks */ = {isa = PBXBuildFile; fileRef = D490ACFD13DA7FDD00436024 /* Foundation.framework */; };
		D490AD0013DA7FDD00436024 /* CoreGraphics.framework in Frameworks */ = {isa = PBXBuildFile; fileRef = D490ACFF13DA7FDD00436024 /* CoreGraphics.framework */; };
		D490AD0613DA7FDD00436024 /* InfoPlist.strings in Resources */ = {isa = PBXBuildFile; fileRef = D490AD0413DA7FDD00436024 /* InfoPlist.strings */; };
		D490AD0813DA7FDD00436024 /* main.m in Sources */ = {isa = PBXBuildFile; fileRef = D490AD0713DA7FDD00436024 /* main.m */; };
		D490AD0C13DA7FDD00436024 /* AppDelegate.m in Sources */ = {isa = PBXBuildFile; fileRef = D490AD0B13DA7FDD00436024 /* AppDelegate.m */; };
		D490B08D13DA850300436024 /* JSONKit.m in Sources */ = {isa = PBXBuildFile; fileRef = D490B08C13DA850300436024 /* JSONKit.m */; };
		D490B0A713DA852800436024 /* NSObject+SBJson.m in Sources */ = {isa = PBXBuildFile; fileRef = D490B08F13DA852800436024 /* NSObject+SBJson.m */; };
		D490B0A813DA852800436024 /* SBJsonParser.m in Sources */ = {isa = PBXBuildFile; fileRef = D490B09213DA852800436024 /* SBJsonParser.m */; };
		D490B0A913DA852800436024 /* SBJsonStreamParser.m in Sources */ = {isa = PBXBuildFile; fileRef = D490B09413DA852800436024 /* SBJsonStreamParser.m */; };
		D490B0AA13DA852800436024 /* SBJsonStreamParserAccumulator.m in Sources */ = {isa = PBXBuildFile; fileRef = D490B09613DA852800436024 /* SBJsonStreamParserAccumulator.m */; };
		D490B0AB13DA852800436024 /* SBJsonStreamParserAdapter.m in Sources */ = {isa = PBXBuildFile; fileRef = D490B09813DA852800436024 /* SBJsonStreamParserAdapter.m */; };
		D490B0AC13DA852800436024 /* SBJsonStreamParserState.m in Sources */ = {isa = PBXBuildFile; fileRef = D490B09A13DA852800436024 /* SBJsonStreamParserState.m */; };
		D490B0AD13DA852800436024 /* SBJsonStreamWriter.m in Sources */ = {isa = PBXBuildFile; fileRef = D490B09C13DA852800436024 /* SBJsonStreamWriter.m */; };
		D490B0AE13DA852800436024 /* SBJsonStreamWriterAccumulator.m in Sources */ = {isa = PBXBuildFile; fileRef = D490B09E13DA852800436024 /* SBJsonStreamWriterAccumulator.m */; };
		D490B0AF13DA852800436024 /* SBJsonStreamWriterState.m in Sources */ = {isa = PBXBuildFile; fileRef = D490B0A013DA852800436024 /* SBJsonStreamWriterState.m */; };
		D490B0B013DA852800436024 /* SBJsonTokeniser.m in Sources */ = {isa = PBXBuildFile; fileRef = D490B0A213DA852800436024 /* SBJsonTokeniser.m */; };
		D490B0B113DA852800436024 /* SBJsonUTF8Stream.m in Sources */ = {isa = PBXBuildFile; fileRef = D490B0A413DA852800436024 /* SBJsonUTF8Stream.m */; };
		D490B0B213DA852800436024 /* SBJsonWriter.m in Sources */ = {isa = PBXBuildFile; fileRef = D490B0A613DA852800436024 /* SBJsonWriter.m */; };
		D4E6B23C13DCB6E1001478D9 /* NSError+Extensions.m in Sources */ = {isa = PBXBuildFile; fileRef = D4E6B23413DCB6E1001478D9 /* NSError+Extensions.m */; };
		D4E6B23D13DCB6E1001478D9 /* NXDebug.m in Sources */ = {isa = PBXBuildFile; fileRef = D4E6B23613DCB6E1001478D9 /* NXDebug.m */; };
		D4E6B23E13DCB6E1001478D9 /* NXJsonParser.m in Sources */ = {isa = PBXBuildFile; fileRef = D4E6B23813DCB6E1001478D9 /* NXJsonParser.m */; };
		D4E6B23F13DCB6E1001478D9 /* NXJsonSerializer.m in Sources */ = {isa = PBXBuildFile; fileRef = D4E6B23A13DCB6E1001478D9 /* NXJsonSerializer.m */; };
		D4E6B24413DCB781001478D9 /* FCHTTPFetcher.m in Sources */ = {isa = PBXBuildFile; fileRef = D4E6B24113DCB781001478D9 /* FCHTTPFetcher.m */; };
		D4E6B24513DCB781001478D9 /* FCJSONFetcher.m in Sources */ = {isa = PBXBuildFile; fileRef = D4E6B24313DCB781001478D9 /* FCJSONFetcher.m */; };
		D4E6B24C13DCB7C0001478D9 /* FCNextiveJsonParser.m in Sources */ = {isa = PBXBuildFile; fileRef = D4E6B24B13DCB7C0001478D9 /* FCNextiveJsonParser.m */; };
		D4E6B24F13DCBB5F001478D9 /* FCJSONKitParser.m in Sources */ = {isa = PBXBuildFile; fileRef = D4E6B24E13DCBB5F001478D9 /* FCJSONKitParser.m */; };
		D4E6B25213DCBD52001478D9 /* FCSBJsonParser.m in Sources */ = {isa = PBXBuildFile; fileRef = D4E6B25113DCBD52001478D9 /* FCSBJsonParser.m */; };
/* End PBXBuildFile section */

/* Begin PBXFileReference section */
		D490ACF713DA7FDD00436024 /* fc-json-parsers.app */ = {isa = PBXFileReference; explicitFileType = wrapper.application; includeInIndex = 0; path = "fc-json-parsers.app"; sourceTree = BUILT_PRODUCTS_DIR; };
		D490ACFB13DA7FDD00436024 /* UIKit.framework */ = {isa = PBXFileReference; lastKnownFileType = wrapper.framework; name = UIKit.framework; path = System/Library/Frameworks/UIKit.framework; sourceTree = SDKROOT; };
		D490ACFD13DA7FDD00436024 /* Foundation.framework */ = {isa = PBXFileReference; lastKnownFileType = wrapper.framework; name = Foundation.framework; path = System/Library/Frameworks/Foundation.framework; sourceTree = SDKROOT; };
		D490ACFF13DA7FDD00436024 /* CoreGraphics.framework */ = {isa = PBXFileReference; lastKnownFileType = wrapper.framework; name = CoreGraphics.framework; path = System/Library/Frameworks/CoreGraphics.framework; sourceTree = SDKROOT; };
		D490AD0313DA7FDD00436024 /* fc-json-parsers-Info.plist */ = {isa = PBXFileReference; lastKnownFileType = text.plist.xml; path = "fc-json-parsers-Info.plist"; sourceTree = "<group>"; };
		D490AD0513DA7FDD00436024 /* en */ = {isa = PBXFileReference; lastKnownFileType = text.plist.strings; name = en; path = en.lproj/InfoPlist.strings; sourceTree = "<group>"; };
		D490AD0713DA7FDD00436024 /* main.m */ = {isa = PBXFileReference; lastKnownFileType = sourcecode.c.objc; path = main.m; sourceTree = "<group>"; };
		D490AD0913DA7FDD00436024 /* fc-json-parsers-Prefix.pch */ = {isa = PBXFileReference; lastKnownFileType = sourcecode.c.h; path = "fc-json-parsers-Prefix.pch"; sourceTree = "<group>"; };
		D490AD0A13DA7FDD00436024 /* AppDelegate.h */ = {isa = PBXFileReference; lastKnownFileType = sourcecode.c.h; path = AppDelegate.h; sourceTree = "<group>"; };
		D490AD0B13DA7FDD00436024 /* AppDelegate.m */ = {isa = PBXFileReference; lastKnownFileType = sourcecode.c.objc; path = AppDelegate.m; sourceTree = "<group>"; };
		D490B08B13DA850300436024 /* JSONKit.h */ = {isa = PBXFileReference; fileEncoding = 4; lastKnownFileType = sourcecode.c.h; name = JSONKit.h; path = lib/JSONKit/JSONKit.h; sourceTree = SOURCE_ROOT; };
		D490B08C13DA850300436024 /* JSONKit.m */ = {isa = PBXFileReference; fileEncoding = 4; lastKnownFileType = sourcecode.c.objc; name = JSONKit.m; path = lib/JSONKit/JSONKit.m; sourceTree = SOURCE_ROOT; };
		D490B08E13DA852800436024 /* NSObject+SBJson.h */ = {isa = PBXFileReference; fileEncoding = 4; lastKnownFileType = sourcecode.c.h; name = "NSObject+SBJson.h"; path = "lib/json-framework/Classes/NSObject+SBJson.h"; sourceTree = SOURCE_ROOT; };
		D490B08F13DA852800436024 /* NSObject+SBJson.m */ = {isa = PBXFileReference; fileEncoding = 4; lastKnownFileType = sourcecode.c.objc; name = "NSObject+SBJson.m"; path = "lib/json-framework/Classes/NSObject+SBJson.m"; sourceTree = SOURCE_ROOT; };
		D490B09013DA852800436024 /* SBJson.h */ = {isa = PBXFileReference; fileEncoding = 4; lastKnownFileType = sourcecode.c.h; name = SBJson.h; path = "lib/json-framework/Classes/SBJson.h"; sourceTree = SOURCE_ROOT; };
		D490B09113DA852800436024 /* SBJsonParser.h */ = {isa = PBXFileReference; fileEncoding = 4; lastKnownFileType = sourcecode.c.h; name = SBJsonParser.h; path = "lib/json-framework/Classes/SBJsonParser.h"; sourceTree = SOURCE_ROOT; };
		D490B09213DA852800436024 /* SBJsonParser.m */ = {isa = PBXFileReference; fileEncoding = 4; lastKnownFileType = sourcecode.c.objc; name = SBJsonParser.m; path = "lib/json-framework/Classes/SBJsonParser.m"; sourceTree = SOURCE_ROOT; };
		D490B09313DA852800436024 /* SBJsonStreamParser.h */ = {isa = PBXFileReference; fileEncoding = 4; lastKnownFileType = sourcecode.c.h; name = SBJsonStreamParser.h; path = "lib/json-framework/Classes/SBJsonStreamParser.h"; sourceTree = SOURCE_ROOT; };
		D490B09413DA852800436024 /* SBJsonStreamParser.m */ = {isa = PBXFileReference; fileEncoding = 4; lastKnownFileType = sourcecode.c.objc; name = SBJsonStreamParser.m; path = "lib/json-framework/Classes/SBJsonStreamParser.m"; sourceTree = SOURCE_ROOT; };
		D490B09513DA852800436024 /* SBJsonStreamParserAccumulator.h */ = {isa = PBXFileReference; fileEncoding = 4; lastKnownFileType = sourcecode.c.h; name = SBJsonStreamParserAccumulator.h; path = "lib/json-framework/Classes/SBJsonStreamParserAccumulator.h"; sourceTree = SOURCE_ROOT; };
		D490B09613DA852800436024 /* SBJsonStreamParserAccumulator.m */ = {isa = PBXFileReference; fileEncoding = 4; lastKnownFileType = sourcecode.c.objc; name = SBJsonStreamParserAccumulator.m; path = "lib/json-framework/Classes/SBJsonStreamParserAccumulator.m"; sourceTree = SOURCE_ROOT; };
		D490B09713DA852800436024 /* SBJsonStreamParserAdapter.h */ = {isa = PBXFileReference; fileEncoding = 4; lastKnownFileType = sourcecode.c.h; name = SBJsonStreamParserAdapter.h; path = "lib/json-framework/Classes/SBJsonStreamParserAdapter.h"; sourceTree = SOURCE_ROOT; };
		D490B09813DA852800436024 /* SBJsonStreamParserAdapter.m */ = {isa = PBXFileReference; fileEncoding = 4; lastKnownFileType = sourcecode.c.objc; name = SBJsonStreamParserAdapter.m; path = "lib/json-framework/Classes/SBJsonStreamParserAdapter.m"; sourceTree = SOURCE_ROOT; };
		D490B09913DA852800436024 /* SBJsonStreamParserState.h */ = {isa = PBXFileReference; fileEncoding = 4; lastKnownFileType = sourcecode.c.h; name = SBJsonStreamParserState.h; path = "lib/json-framework/Classes/SBJsonStreamParserState.h"; sourceTree = SOURCE_ROOT; };
		D490B09A13DA852800436024 /* SBJsonStreamParserState.m */ = {isa = PBXFileReference; fileEncoding = 4; lastKnownFileType = sourcecode.c.objc; name = SBJsonStreamParserState.m; path = "lib/json-framework/Classes/SBJsonStreamParserState.m"; sourceTree = SOURCE_ROOT; };
		D490B09B13DA852800436024 /* SBJsonStreamWriter.h */ = {isa = PBXFileReference; fileEncoding = 4; lastKnownFileType = sourcecode.c.h; name = SBJsonStreamWriter.h; path = "lib/json-framework/Classes/SBJsonStreamWriter.h"; sourceTree = SOURCE_ROOT; };
		D490B09C13DA852800436024 /* SBJsonStreamWriter.m */ = {isa = PBXFileReference; fileEncoding = 4; lastKnownFileType = sourcecode.c.objc; name = SBJsonStreamWriter.m; path = "lib/json-framework/Classes/SBJsonStreamWriter.m"; sourceTree = SOURCE_ROOT; };
		D490B09D13DA852800436024 /* SBJsonStreamWriterAccumulator.h */ = {isa = PBXFileReference; fileEncoding = 4; lastKnownFileType = sourcecode.c.h; name = SBJsonStreamWriterAccumulator.h; path = "lib/json-framework/Classes/SBJsonStreamWriterAccumulator.h"; sourceTree = SOURCE_ROOT; };
		D490B09E13DA852800436024 /* SBJsonStreamWriterAccumulator.m */ = {isa = PBXFileReference; fileEncoding = 4; lastKnownFileType = sourcecode.c.objc; name = SBJsonStreamWriterAccumulator.m; path = "lib/json-framework/Classes/SBJsonStreamWriterAccumulator.m"; sourceTree = SOURCE_ROOT; };
		D490B09F13DA852800436024 /* SBJsonStreamWriterState.h */ = {isa = PBXFileReference; fileEncoding = 4; lastKnownFileType = sourcecode.c.h; name = SBJsonStreamWriterState.h; path = "lib/json-framework/Classes/SBJsonStreamWriterState.h"; sourceTree = SOURCE_ROOT; };
		D490B0A013DA852800436024 /* SBJsonStreamWriterState.m */ = {isa = PBXFileReference; fileEncoding = 4; lastKnownFileType = sourcecode.c.objc; name = SBJsonStreamWriterState.m; path = "lib/json-framework/Classes/SBJsonStreamWriterState.m"; sourceTree = SOURCE_ROOT; };
		D490B0A113DA852800436024 /* SBJsonTokeniser.h */ = {isa = PBXFileReference; fileEncoding = 4; lastKnownFileType = sourcecode.c.h; name = SBJsonTokeniser.h; path = "lib/json-framework/Classes/SBJsonTokeniser.h"; sourceTree = SOURCE_ROOT; };
		D490B0A213DA852800436024 /* SBJsonTokeniser.m */ = {isa = PBXFileReference; fileEncoding = 4; lastKnownFileType = sourcecode.c.objc; name = SBJsonTokeniser.m; path = "lib/json-framework/Classes/SBJsonTokeniser.m"; sourceTree = SOURCE_ROOT; };
		D490B0A313DA852800436024 /* SBJsonUTF8Stream.h */ = {isa = PBXFileReference; fileEncoding = 4; lastKnownFileType = sourcecode.c.h; name = SBJsonUTF8Stream.h; path = "lib/json-framework/Classes/SBJsonUTF8Stream.h"; sourceTree = SOURCE_ROOT; };
		D490B0A413DA852800436024 /* SBJsonUTF8Stream.m */ = {isa = PBXFileReference; fileEncoding = 4; lastKnownFileType = sourcecode.c.objc; name = SBJsonUTF8Stream.m; path = "lib/json-framework/Classes/SBJsonUTF8Stream.m"; sourceTree = SOURCE_ROOT; };
		D490B0A513DA852800436024 /* SBJsonWriter.h */ = {isa = PBXFileReference; fileEncoding = 4; lastKnownFileType = sourcecode.c.h; name = SBJsonWriter.h; path = "lib/json-framework/Classes/SBJsonWriter.h"; sourceTree = SOURCE_ROOT; };
		D490B0A613DA852800436024 /* SBJsonWriter.m */ = {isa = PBXFileReference; fileEncoding = 4; lastKnownFileType = sourcecode.c.objc; name = SBJsonWriter.m; path = "lib/json-framework/Classes/SBJsonWriter.m"; sourceTree = SOURCE_ROOT; };
		D4E6B23313DCB6E1001478D9 /* NSError+Extensions.h */ = {isa = PBXFileReference; fileEncoding = 4; lastKnownFileType = sourcecode.c.h; name = "NSError+Extensions.h"; path = "lib/NextiveJson/Json/NSError+Extensions.h"; sourceTree = SOURCE_ROOT; };
		D4E6B23413DCB6E1001478D9 /* NSError+Extensions.m */ = {isa = PBXFileReference; fileEncoding = 4; lastKnownFileType = sourcecode.c.objc; name = "NSError+Extensions.m"; path = "lib/NextiveJson/Json/NSError+Extensions.m"; sourceTree = SOURCE_ROOT; };
		D4E6B23513DCB6E1001478D9 /* NXDebug.h */ = {isa = PBXFileReference; fileEncoding = 4; lastKnownFileType = sourcecode.c.h; name = NXDebug.h; path = lib/NextiveJson/Json/NXDebug.h; sourceTree = SOURCE_ROOT; };
		D4E6B23613DCB6E1001478D9 /* NXDebug.m */ = {isa = PBXFileReference; fileEncoding = 4; lastKnownFileType = sourcecode.c.objc; name = NXDebug.m; path = lib/NextiveJson/Json/NXDebug.m; sourceTree = SOURCE_ROOT; };
		D4E6B23713DCB6E1001478D9 /* NXJsonParser.h */ = {isa = PBXFileReference; fileEncoding = 4; lastKnownFileType = sourcecode.c.h; name = NXJsonParser.h; path = lib/NextiveJson/Json/NXJsonParser.h; sourceTree = SOURCE_ROOT; };
		D4E6B23813DCB6E1001478D9 /* NXJsonParser.m */ = {isa = PBXFileReference; fileEncoding = 4; lastKnownFileType = sourcecode.c.objc; name = NXJsonParser.m; path = lib/NextiveJson/Json/NXJsonParser.m; sourceTree = SOURCE_ROOT; };
		D4E6B23913DCB6E1001478D9 /* NXJsonSerializer.h */ = {isa = PBXFileReference; fileEncoding = 4; lastKnownFileType = sourcecode.c.h; name = NXJsonSerializer.h; path = lib/NextiveJson/Json/NXJsonSerializer.h; sourceTree = SOURCE_ROOT; };
		D4E6B23A13DCB6E1001478D9 /* NXJsonSerializer.m */ = {isa = PBXFileReference; fileEncoding = 4; lastKnownFileType = sourcecode.c.objc; name = NXJsonSerializer.m; path = lib/NextiveJson/Json/NXJsonSerializer.m; sourceTree = SOURCE_ROOT; };
		D4E6B23B13DCB6E1001478D9 /* NXSerializable.h */ = {isa = PBXFileReference; fileEncoding = 4; lastKnownFileType = sourcecode.c.h; name = NXSerializable.h; path = lib/NextiveJson/Json/NXSerializable.h; sourceTree = SOURCE_ROOT; };
		D4E6B24013DCB781001478D9 /* FCHTTPFetcher.h */ = {isa = PBXFileReference; fileEncoding = 4; lastKnownFileType = sourcecode.c.h; name = FCHTTPFetcher.h; path = ../../FCHTTPFetcher.h; sourceTree = "<group>"; };
		D4E6B24113DCB781001478D9 /* FCHTTPFetcher.m */ = {isa = PBXFileReference; fileEncoding = 4; lastKnownFileType = sourcecode.c.objc; name = FCHTTPFetcher.m; path = ../../FCHTTPFetcher.m; sourceTree = "<group>"; };
		D4E6B24213DCB781001478D9 /* FCJSONFetcher.h */ = {isa = PBXFileReference; fileEncoding = 4; lastKnownFileType = sourcecode.c.h; name = FCJSONFetcher.h; path = ../../FCJSONFetcher.h; sourceTree = "<group>"; };
		D4E6B24313DCB781001478D9 /* FCJSONFetcher.m */ = {isa = PBXFileReference; fileEncoding = 4; lastKnownFileType = sourcecode.c.objc; name = FCJSONFetcher.m; path = ../../FCJSONFetcher.m; sourceTree = "<group>"; };
		D4E6B24A13DCB7C0001478D9 /* FCNextiveJsonParser.h */ = {isa = PBXFileReference; fileEncoding = 4; lastKnownFileType = sourcecode.c.h; path = FCNextiveJsonParser.h; sourceTree = "<group>"; };
		D4E6B24B13DCB7C0001478D9 /* FCNextiveJsonParser.m */ = {isa = PBXFileReference; fileEncoding = 4; lastKnownFileType = sourcecode.c.objc; path = FCNextiveJsonParser.m; sourceTree = "<group>"; };
		D4E6B24D13DCBB5F001478D9 /* FCJSONKitParser.h */ = {isa = PBXFileReference; fileEncoding = 4; lastKnownFileType = sourcecode.c.h; path = FCJSONKitParser.h; sourceTree = "<group>"; };
		D4E6B24E13DCBB5F001478D9 /* FCJSONKitParser.m */ = {isa = PBXFileReference; fileEncoding = 4; lastKnownFileType = sourcecode.c.objc; path = FCJSONKitParser.m; sourceTree = "<group>"; };
		D4E6B25013DCBD51001478D9 /* FCSBJsonParser.h */ = {isa = PBXFileReference; fileEncoding = 4; lastKnownFileType = sourcecode.c.h; path = FCSBJsonParser.h; sourceTree = "<group>"; };
		D4E6B25113DCBD52001478D9 /* FCSBJsonParser.m */ = {isa = PBXFileReference; fileEncoding = 4; lastKnownFileType = sourcecode.c.objc; path = FCSBJsonParser.m; sourceTree = "<group>"; };
/* End PBXFileReference section */

/* Begin PBXFrameworksBuildPhase section */
		D490ACF413DA7FDD00436024 /* Frameworks */ = {
			isa = PBXFrameworksBuildPhase;
			buildActionMask = 2147483647;
			files = (
				D490ACFC13DA7FDD00436024 /* UIKit.framework in Frameworks */,
				D490ACFE13DA7FDD00436024 /* Foundation.framework in Frameworks */,
				D490AD0013DA7FDD00436024 /* CoreGraphics.framework in Frameworks */,
			);
			runOnlyForDeploymentPostprocessing = 0;
		};
/* End PBXFrameworksBuildPhase section */

/* Begin PBXGroup section */
		D490ACEC13DA7FDD00436024 = {
			isa = PBXGroup;
			children = (
				D490AD0113DA7FDD00436024 /* fc-json-parsers */,
				D490ACFA13DA7FDD00436024 /* Frameworks */,
				D490ACF813DA7FDD00436024 /* Products */,
			);
			sourceTree = "<group>";
		};
		D490ACF813DA7FDD00436024 /* Products */ = {
			isa = PBXGroup;
			children = (
				D490ACF713DA7FDD00436024 /* fc-json-parsers.app */,
			);
			name = Products;
			sourceTree = "<group>";
		};
		D490ACFA13DA7FDD00436024 /* Frameworks */ = {
			isa = PBXGroup;
			children = (
				D490ACFB13DA7FDD00436024 /* UIKit.framework */,
				D490ACFD13DA7FDD00436024 /* Foundation.framework */,
				D490ACFF13DA7FDD00436024 /* CoreGraphics.framework */,
			);
			name = Frameworks;
			sourceTree = "<group>";
		};
		D490AD0113DA7FDD00436024 /* fc-json-parsers */ = {
			isa = PBXGroup;
			children = (
				D490AD2013DA803F00436024 /* Parser Implementations */,
				D4E6B24013DCB781001478D9 /* FCHTTPFetcher.h */,
				D4E6B24113DCB781001478D9 /* FCHTTPFetcher.m */,
				D4E6B24213DCB781001478D9 /* FCJSONFetcher.h */,
				D4E6B24313DCB781001478D9 /* FCJSONFetcher.m */,
				D490B08813DA849C00436024 /* lib */,
				D490AD0A13DA7FDD00436024 /* AppDelegate.h */,
				D490AD0B13DA7FDD00436024 /* AppDelegate.m */,
				D490AD0213DA7FDD00436024 /* Supporting Files */,
			);
			path = "fc-json-parsers";
			sourceTree = "<group>";
		};
		D490AD0213DA7FDD00436024 /* Supporting Files */ = {
			isa = PBXGroup;
			children = (
				D490AD0313DA7FDD00436024 /* fc-json-parsers-Info.plist */,
				D490AD0413DA7FDD00436024 /* InfoPlist.strings */,
				D490AD0713DA7FDD00436024 /* main.m */,
				D490AD0913DA7FDD00436024 /* fc-json-parsers-Prefix.pch */,
			);
			name = "Supporting Files";
			sourceTree = "<group>";
		};
		D490AD2013DA803F00436024 /* Parser Implementations */ = {
			isa = PBXGroup;
			children = (
				D4E6B24A13DCB7C0001478D9 /* FCNextiveJsonParser.h */,
				D4E6B24B13DCB7C0001478D9 /* FCNextiveJsonParser.m */,
				D4E6B24D13DCBB5F001478D9 /* FCJSONKitParser.h */,
				D4E6B24E13DCBB5F001478D9 /* FCJSONKitParser.m */,
				D4E6B25013DCBD51001478D9 /* FCSBJsonParser.h */,
				D4E6B25113DCBD52001478D9 /* FCSBJsonParser.m */,
			);
			name = "Parser Implementations";
			sourceTree = "<group>";
		};
		D490B08813DA849C00436024 /* lib */ = {
			isa = PBXGroup;
			children = (
				D4E6B23113DCB64A001478D9 /* NextiveJson */,
				D490B08A13DA84AF00436024 /* JSONKit */,
				D490B08913DA84A400436024 /* json-framework */,
			);
			name = lib;
			sourceTree = "<group>";
		};
		D490B08913DA84A400436024 /* json-framework */ = {
			isa = PBXGroup;
			children = (
				D490B08E13DA852800436024 /* NSObject+SBJson.h */,
				D490B08F13DA852800436024 /* NSObject+SBJson.m */,
				D490B09013DA852800436024 /* SBJson.h */,
				D490B09113DA852800436024 /* SBJsonParser.h */,
				D490B09213DA852800436024 /* SBJsonParser.m */,
				D490B09313DA852800436024 /* SBJsonStreamParser.h */,
				D490B09413DA852800436024 /* SBJsonStreamParser.m */,
				D490B09513DA852800436024 /* SBJsonStreamParserAccumulator.h */,
				D490B09613DA852800436024 /* SBJsonStreamParserAccumulator.m */,
				D490B09713DA852800436024 /* SBJsonStreamParserAdapter.h */,
				D490B09813DA852800436024 /* SBJsonStreamParserAdapter.m */,
				D490B09913DA852800436024 /* SBJsonStreamParserState.h */,
				D490B09A13DA852800436024 /* SBJsonStreamParserState.m */,
				D490B09B13DA852800436024 /* SBJsonStreamWriter.h */,
				D490B09C13DA852800436024 /* SBJsonStreamWriter.m */,
				D490B09D13DA852800436024 /* SBJsonStreamWriterAccumulator.h */,
				D490B09E13DA852800436024 /* SBJsonStreamWriterAccumulator.m */,
				D490B09F13DA852800436024 /* SBJsonStreamWriterState.h */,
				D490B0A013DA852800436024 /* SBJsonStreamWriterState.m */,
				D490B0A113DA852800436024 /* SBJsonTokeniser.h */,
				D490B0A213DA852800436024 /* SBJsonTokeniser.m */,
				D490B0A313DA852800436024 /* SBJsonUTF8Stream.h */,
				D490B0A413DA852800436024 /* SBJsonUTF8Stream.m */,
				D490B0A513DA852800436024 /* SBJsonWriter.h */,
				D490B0A613DA852800436024 /* SBJsonWriter.m */,
			);
			name = "json-framework";
			sourceTree = "<group>";
		};
		D490B08A13DA84AF00436024 /* JSONKit */ = {
			isa = PBXGroup;
			children = (
				D490B08B13DA850300436024 /* JSONKit.h */,
				D490B08C13DA850300436024 /* JSONKit.m */,
			);
			name = JSONKit;
			sourceTree = "<group>";
		};
		D4E6B23113DCB64A001478D9 /* NextiveJson */ = {
			isa = PBXGroup;
			children = (
				D4E6B23313DCB6E1001478D9 /* NSError+Extensions.h */,
				D4E6B23413DCB6E1001478D9 /* NSError+Extensions.m */,
				D4E6B23513DCB6E1001478D9 /* NXDebug.h */,
				D4E6B23613DCB6E1001478D9 /* NXDebug.m */,
				D4E6B23713DCB6E1001478D9 /* NXJsonParser.h */,
				D4E6B23813DCB6E1001478D9 /* NXJsonParser.m */,
				D4E6B23913DCB6E1001478D9 /* NXJsonSerializer.h */,
				D4E6B23A13DCB6E1001478D9 /* NXJsonSerializer.m */,
				D4E6B23B13DCB6E1001478D9 /* NXSerializable.h */,
			);
			name = NextiveJson;
			sourceTree = "<group>";
		};
/* End PBXGroup section */

/* Begin PBXNativeTarget section */
		D490ACF613DA7FDD00436024 /* fc-json-parsers */ = {
			isa = PBXNativeTarget;
			buildConfigurationList = D490AD1D13DA7FDD00436024 /* Build configuration list for PBXNativeTarget "fc-json-parsers" */;
			buildPhases = (
				D490ACF313DA7FDD00436024 /* Sources */,
				D490ACF413DA7FDD00436024 /* Frameworks */,
				D490ACF513DA7FDD00436024 /* Resources */,
			);
			buildRules = (
			);
			dependencies = (
			);
			name = "fc-json-parsers";
			productName = "fc-json-parsers";
			productReference = D490ACF713DA7FDD00436024 /* fc-json-parsers.app */;
			productType = "com.apple.product-type.application";
		};
/* End PBXNativeTarget section */

/* Begin PBXProject section */
		D490ACEE13DA7FDD00436024 /* Project object */ = {
			isa = PBXProject;
			buildConfigurationList = D490ACF113DA7FDD00436024 /* Build configuration list for PBXProject "fc-json-parsers" */;
			compatibilityVersion = "Xcode 3.2";
			developmentRegion = English;
			hasScannedForEncodings = 0;
			knownRegions = (
				en,
			);
			mainGroup = D490ACEC13DA7FDD00436024;
			productRefGroup = D490ACF813DA7FDD00436024 /* Products */;
			projectDirPath = "";
			projectRoot = "";
			targets = (
				D490ACF613DA7FDD00436024 /* fc-json-parsers */,
			);
		};
/* End PBXProject section */

/* Begin PBXResourcesBuildPhase section */
		D490ACF513DA7FDD00436024 /* Resources */ = {
			isa = PBXResourcesBuildPhase;
			buildActionMask = 2147483647;
			files = (
				D490AD0613DA7FDD00436024 /* InfoPlist.strings in Resources */,
			);
			runOnlyForDeploymentPostprocessing = 0;
		};
/* End PBXResourcesBuildPhase section */

/* Begin PBXSourcesBuildPhase section */
		D490ACF313DA7FDD00436024 /* Sources */ = {
			isa = PBXSourcesBuildPhase;
			buildActionMask = 2147483647;
			files = (
				D490AD0813DA7FDD00436024 /* main.m in Sources */,
				D490AD0C13DA7FDD00436024 /* AppDelegate.m in Sources */,
				D490B08D13DA850300436024 /* JSONKit.m in Sources */,
				D490B0A713DA852800436024 /* NSObject+SBJson.m in Sources */,
				D490B0A813DA852800436024 /* SBJsonParser.m in Sources */,
				D490B0A913DA852800436024 /* SBJsonStreamParser.m in Sources */,
				D490B0AA13DA852800436024 /* SBJsonStreamParserAccumulator.m in Sources */,
				D490B0AB13DA852800436024 /* SBJsonStreamParserAdapter.m in Sources */,
				D490B0AC13DA852800436024 /* SBJsonStreamParserState.m in Sources */,
				D490B0AD13DA852800436024 /* SBJsonStreamWriter.m in Sources */,
				D490B0AE13DA852800436024 /* SBJsonStreamWriterAccumulator.m in Sources */,
				D490B0AF13DA852800436024 /* SBJsonStreamWriterState.m in Sources */,
				D490B0B013DA852800436024 /* SBJsonTokeniser.m in Sources */,
				D490B0B113DA852800436024 /* SBJsonUTF8Stream.m in Sources */,
				D490B0B213DA852800436024 /* SBJsonWriter.m in Sources */,
				D4E6B23C13DCB6E1001478D9 /* NSError+Extensions.m in Sources */,
				D4E6B23D13DCB6E1001478D9 /* NXDebug.m in Sources */,
				D4E6B23E13DCB6E1001478D9 /* NXJsonParser.m in Sources */,
				D4E6B23F13DCB6E1001478D9 /* NXJsonSerializer.m in Sources */,
				D4E6B24413DCB781001478D9 /* FCHTTPFetcher.m in Sources */,
				D4E6B24513DCB781001478D9 /* FCJSONFetcher.m in Sources */,
				D4E6B24C13DCB7C0001478D9 /* FCNextiveJsonParser.m in Sources */,
				D4E6B24F13DCBB5F001478D9 /* FCJSONKitParser.m in Sources */,
				D4E6B25213DCBD52001478D9 /* FCSBJsonParser.m in Sources */,
			);
			runOnlyForDeploymentPostprocessing = 0;
		};
/* End PBXSourcesBuildPhase section */

/* Begin PBXVariantGroup section */
		D490AD0413DA7FDD00436024 /* InfoPlist.strings */ = {
			isa = PBXVariantGroup;
			children = (
				D490AD0513DA7FDD00436024 /* en */,
			);
			name = InfoPlist.strings;
			sourceTree = "<group>";
		};
/* End PBXVariantGroup section */

/* Begin XCBuildConfiguration section */
		D490AD1B13DA7FDD00436024 /* Debug */ = {
			isa = XCBuildConfiguration;
			buildSettings = {
				ALWAYS_SEARCH_USER_PATHS = NO;
				ARCHS = "$(ARCHS_STANDARD_32_BIT)";
				"CODE_SIGN_IDENTITY[sdk=iphoneos*]" = "iPhone Developer";
				COPY_PHASE_STRIP = NO;
				GCC_C_LANGUAGE_STANDARD = gnu99;
				GCC_DYNAMIC_NO_PIC = NO;
				GCC_OPTIMIZATION_LEVEL = 0;
				GCC_PREPROCESSOR_DEFINITIONS = (
					"DEBUG=1",
					"$(inherited)",
				);
				GCC_SYMBOLS_PRIVATE_EXTERN = NO;
				GCC_VERSION = com.apple.compilers.llvmgcc42;
				GCC_WARN_ABOUT_MISSING_PROTOTYPES = YES;
				GCC_WARN_ABOUT_RETURN_TYPE = YES;
				GCC_WARN_UNUSED_VARIABLE = YES;
				IPHONEOS_DEPLOYMENT_TARGET = 4.3;
				SDKROOT = iphoneos;
				TARGETED_DEVICE_FAMILY = "1,2";
			};
			name = Debug;
		};
		D490AD1C13DA7FDD00436024 /* Release */ = {
			isa = XCBuildConfiguration;
			buildSettings = {
				ALWAYS_SEARCH_USER_PATHS = NO;
				ARCHS = "$(ARCHS_STANDARD_32_BIT)";
				"CODE_SIGN_IDENTITY[sdk=iphoneos*]" = "iPhone Developer";
				COPY_PHASE_STRIP = YES;
				GCC_C_LANGUAGE_STANDARD = gnu99;
				GCC_VERSION = com.apple.compilers.llvmgcc42;
				GCC_WARN_ABOUT_MISSING_PROTOTYPES = YES;
				GCC_WARN_ABOUT_RETURN_TYPE = YES;
				GCC_WARN_UNUSED_VARIABLE = YES;
				IPHONEOS_DEPLOYMENT_TARGET = 4.3;
				OTHER_CFLAGS = "-DNS_BLOCK_ASSERTIONS=1";
				SDKROOT = iphoneos;
				TARGETED_DEVICE_FAMILY = "1,2";
				VALIDATE_PRODUCT = YES;
			};
			name = Release;
		};
		D490AD1E13DA7FDD00436024 /* Debug */ = {
			isa = XCBuildConfiguration;
			buildSettings = {
				GCC_PRECOMPILE_PREFIX_HEADER = YES;
				GCC_PREFIX_HEADER = "fc-json-parsers/fc-json-parsers-Prefix.pch";
				INFOPLIST_FILE = "fc-json-parsers/fc-json-parsers-Info.plist";
				PRODUCT_NAME = "$(TARGET_NAME)";
				WRAPPER_EXTENSION = app;
			};
			name = Debug;
		};
		D490AD1F13DA7FDD00436024 /* Release */ = {
			isa = XCBuildConfiguration;
			buildSettings = {
				GCC_PRECOMPILE_PREFIX_HEADER = YES;
				GCC_PREFIX_HEADER = "fc-json-parsers/fc-json-parsers-Prefix.pch";
				INFOPLIST_FILE = "fc-json-parsers/fc-json-parsers-Info.plist";
				PRODUCT_NAME = "$(TARGET_NAME)";
				WRAPPER_EXTENSION = app;
			};
			name = Release;
		};
/* End XCBuildConfiguration section */

/* Begin XCConfigurationList section */
		D490ACF113DA7FDD00436024 /* Build configuration list for PBXProject "fc-json-parsers" */ = {
			isa = XCConfigurationList;
			buildConfigurations = (
				D490AD1B13DA7FDD00436024 /* Debug */,
				D490AD1C13DA7FDD00436024 /* Release */,
			);
			defaultConfigurationIsVisible = 0;
			defaultConfigurationName = Release;
		};
		D490AD1D13DA7FDD00436024 /* Build configuration list for PBXNativeTarget "fc-json-parsers" */ = {
			isa = XCConfigurationList;
			buildConfigurations = (
				D490AD1E13DA7FDD00436024 /* Debug */,
				D490AD1F13DA7FDD00436024 /* Release */,
			);
			defaultConfigurationIsVisible = 0;
			defaultConfigurationName = Release;
		};
/* End XCConfigurationList section */
	};
	rootObject = D490ACEE13DA7FDD00436024 /* Project object */;
}
